
Microsoft Visual Studio Solution File, Format Version 12.00
# Visual Studio Version 17
VisualStudioVersion = 17.11.35222.181
MinimumVisualStudioVersion = 10.0.40219.1
Project("{2150E333-8FDC-42A3-9474-1A3956D46DE8}") = "Task0", "Task0", "{4D6EA358-7917-443E-A166-1E82AE223AAD}"
EndProject
Project("{FAE04EC0-301F-11D3-BF4B-00C04F79EFBC}") = "Tyuiu.KhuzinaDR.Sprint6.Task0.V6", "Tyuiu.KhuzinaDR.Sprint6.Task0.V6\Tyuiu.KhuzinaDR.Sprint6.Task0.V6.csproj", "{87FB1547-30B7-42B6-B784-80CD86AF3F53}"
EndProject
Project("{FAE04EC0-301F-11D3-BF4B-00C04F79EFBC}") = "Tyuiu.KhuzinaDR.Sprint6.Task0.V6.Lib", "Tyuiu.KhuzinaDR.Sprint6.Task0.V6.Lib\Tyuiu.KhuzinaDR.Sprint6.Task0.V6.Lib.csproj", "{674E3827-143A-4804-BFA0-BCE7E2AA6CC3}"
EndProject
Project("{FAE04EC0-301F-11D3-BF4B-00C04F79EFBC}") = "Tyuiu.KhuzinaDR.Sprint6.Task0.V6.Test", "Tyuiu.KhuzinaDR.Sprint6.Task0.V6.Test\Tyuiu.KhuzinaDR.Sprint6.Task0.V6.Test.csproj", "{C857E9C0-42B2-4901-8F74-ED29C4D09807}"
EndProject
Project("{2150E333-8FDC-42A3-9474-1A3956D46DE8}") = "Task1", "Task1", "{8AC0F3EC-B083-42D7-9C77-76969925F78F}"
EndProject
Project("{FAE04EC0-301F-11D3-BF4B-00C04F79EFBC}") = "Tyuiu.KhuzinaDR.Sprint6.Task1.V7", "Tyuiu.KhuzinaDR.Sprint6.Task1.V7\Tyuiu.KhuzinaDR.Sprint6.Task1.V7.csproj", "{CDEFCF2C-5452-419E-955E-A50567FCC4AE}"
EndProject
Project("{FAE04EC0-301F-11D3-BF4B-00C04F79EFBC}") = "Tyuiu.KhuzinaDR.Sprint6.Task1.V7.Lib", "Tyuiu.KhuzinaDR.Sprint6.Task1.V7.Lib\Tyuiu.KhuzinaDR.Sprint6.Task1.V7.Lib.csproj", "{FD5E9AF8-5041-43D2-A093-77704731D61F}"
EndProject
Project("{FAE04EC0-301F-11D3-BF4B-00C04F79EFBC}") = "Tyuiu.KhuzinaDR.Sprint6.Task1.V7.Test", "Tyuiu.KhuzinaDR.Sprint6.Task1.V7.Test\Tyuiu.KhuzinaDR.Sprint6.Task1.V7.Test.csproj", "{C16E2897-4817-4FF0-A844-7D7F1968AE17}"
EndProject
Global
	GlobalSection(SolutionConfigurationPlatforms) = preSolution
		Debug|Any CPU = Debug|Any CPU
		Release|Any CPU = Release|Any CPU
	EndGlobalSection
	GlobalSection(ProjectConfigurationPlatforms) = postSolution
		{87FB1547-30B7-42B6-B784-80CD86AF3F53}.Debug|Any CPU.ActiveCfg = Debug|Any CPU
		{87FB1547-30B7-42B6-B784-80CD86AF3F53}.Debug|Any CPU.Build.0 = Debug|Any CPU
		{87FB1547-30B7-42B6-B784-80CD86AF3F53}.Release|Any CPU.ActiveCfg = Release|Any CPU
		{87FB1547-30B7-42B6-B784-80CD86AF3F53}.Release|Any CPU.Build.0 = Release|Any CPU
		{674E3827-143A-4804-BFA0-BCE7E2AA6CC3}.Debug|Any CPU.ActiveCfg = Debug|Any CPU
		{674E3827-143A-4804-BFA0-BCE7E2AA6CC3}.Debug|Any CPU.Build.0 = Debug|Any CPU
		{674E3827-143A-4804-BFA0-BCE7E2AA6CC3}.Release|Any CPU.ActiveCfg = Release|Any CPU
		{674E3827-143A-4804-BFA0-BCE7E2AA6CC3}.Release|Any CPU.Build.0 = Release|Any CPU
		{C857E9C0-42B2-4901-8F74-ED29C4D09807}.Debug|Any CPU.ActiveCfg = Debug|Any CPU
		{C857E9C0-42B2-4901-8F74-ED29C4D09807}.Debug|Any CPU.Build.0 = Debug|Any CPU
		{C857E9C0-42B2-4901-8F74-ED29C4D09807}.Release|Any CPU.ActiveCfg = Release|Any CPU
		{C857E9C0-42B2-4901-8F74-ED29C4D09807}.Release|Any CPU.Build.0 = Release|Any CPU
		{CDEFCF2C-5452-419E-955E-A50567FCC4AE}.Debug|Any CPU.ActiveCfg = Debug|Any CPU
		{CDEFCF2C-5452-419E-955E-A50567FCC4AE}.Debug|Any CPU.Build.0 = Debug|Any CPU
		{CDEFCF2C-5452-419E-955E-A50567FCC4AE}.Release|Any CPU.ActiveCfg = Release|Any CPU
		{CDEFCF2C-5452-419E-955E-A50567FCC4AE}.Release|Any CPU.Build.0 = Release|Any CPU
		{FD5E9AF8-5041-43D2-A093-77704731D61F}.Debug|Any CPU.ActiveCfg = Debug|Any CPU
		{FD5E9AF8-5041-43D2-A093-77704731D61F}.Debug|Any CPU.Build.0 = Debug|Any CPU
		{FD5E9AF8-5041-43D2-A093-77704731D61F}.Release|Any CPU.ActiveCfg = Release|Any CPU
		{FD5E9AF8-5041-43D2-A093-77704731D61F}.Release|Any CPU.Build.0 = Release|Any CPU
		{C16E2897-4817-4FF0-A844-7D7F1968AE17}.Debug|Any CPU.ActiveCfg = Debug|Any CPU
		{C16E2897-4817-4FF0-A844-7D7F1968AE17}.Debug|Any CPU.Build.0 = Debug|Any CPU
		{C16E2897-4817-4FF0-A844-7D7F1968AE17}.Release|Any CPU.ActiveCfg = Release|Any CPU
		{C16E2897-4817-4FF0-A844-7D7F1968AE17}.Release|Any CPU.Build.0 = Release|Any CPU
	EndGlobalSection
	GlobalSection(SolutionProperties) = preSolution
		HideSolutionNode = FALSE
	EndGlobalSection
	GlobalSection(NestedProjects) = preSolution
		{87FB1547-30B7-42B6-B784-80CD86AF3F53} = {4D6EA358-7917-443E-A166-1E82AE223AAD}
		{674E3827-143A-4804-BFA0-BCE7E2AA6CC3} = {4D6EA358-7917-443E-A166-1E82AE223AAD}
		{C857E9C0-42B2-4901-8F74-ED29C4D09807} = {4D6EA358-7917-443E-A166-1E82AE223AAD}
		{CDEFCF2C-5452-419E-955E-A50567FCC4AE} = {8AC0F3EC-B083-42D7-9C77-76969925F78F}
		{FD5E9AF8-5041-43D2-A093-77704731D61F} = {8AC0F3EC-B083-42D7-9C77-76969925F78F}
		{C16E2897-4817-4FF0-A844-7D7F1968AE17} = {8AC0F3EC-B083-42D7-9C77-76969925F78F}
	EndGlobalSection
	GlobalSection(ExtensibilityGlobals) = postSolution
		SolutionGuid = {3491F2FC-59A0-4EFB-9A14-64F88D49590A}
	EndGlobalSection
EndGlobal
