
Microsoft Visual Studio Solution File, Format Version 12.00
# Visual Studio Version 17
VisualStudioVersion = 17.11.35222.181
MinimumVisualStudioVersion = 10.0.40219.1
Project("{2150E333-8FDC-42A3-9474-1A3956D46DE8}") = "Task0", "Task0", "{4D6EA358-7917-443E-A166-1E82AE223AAD}"
EndProject
Project("{FAE04EC0-301F-11D3-BF4B-00C04F79EFBC}") = "Tyuiu.KhuzinaDR.Sprint6.Task0.V6", "Tyuiu.KhuzinaDR.Sprint6.Task0.V6\Tyuiu.KhuzinaDR.Sprint6.Task0.V6.csproj", "{87FB1547-30B7-42B6-B784-80CD86AF3F53}"
EndProject
Project("{FAE04EC0-301F-11D3-BF4B-00C04F79EFBC}") = "Tyuiu.KhuzinaDR.Sprint6.Task0.V6.Lib", "Tyuiu.KhuzinaDR.Sprint6.Task0.V6.Lib\Tyuiu.KhuzinaDR.Sprint6.Task0.V6.Lib.csproj", "{674E3827-143A-4804-BFA0-BCE7E2AA6CC3}"
EndProject
Project("{FAE04EC0-301F-11D3-BF4B-00C04F79EFBC}") = "Tyuiu.KhuzinaDR.Sprint6.Task0.V6.Test", "Tyuiu.KhuzinaDR.Sprint6.Task0.V6.Test\Tyuiu.KhuzinaDR.Sprint6.Task0.V6.Test.csproj", "{C857E9C0-42B2-4901-8F74-ED29C4D09807}"
EndProject
Project("{2150E333-8FDC-42A3-9474-1A3956D46DE8}") = "Task1", "Task1", "{8AC0F3EC-B083-42D7-9C77-76969925F78F}"
EndProject
Project("{FAE04EC0-301F-11D3-BF4B-00C04F79EFBC}") = "Tyuiu.KhuzinaDR.Sprint6.Task1.V7", "Tyuiu.KhuzinaDR.Sprint6.Task1.V7\Tyuiu.KhuzinaDR.Sprint6.Task1.V7.csproj", "{CDEFCF2C-5452-419E-955E-A50567FCC4AE}"
EndProject
Project("{FAE04EC0-301F-11D3-BF4B-00C04F79EFBC}") = "Tyuiu.KhuzinaDR.Sprint6.Task1.V7.Lib", "Tyuiu.KhuzinaDR.Sprint6.Task1.V7.Lib\Tyuiu.KhuzinaDR.Sprint6.Task1.V7.Lib.csproj", "{FD5E9AF8-5041-43D2-A093-77704731D61F}"
EndProject
Project("{FAE04EC0-301F-11D3-BF4B-00C04F79EFBC}") = "Tyuiu.KhuzinaDR.Sprint6.Task1.V7.Test", "Tyuiu.KhuzinaDR.Sprint6.Task1.V7.Test\Tyuiu.KhuzinaDR.Sprint6.Task1.V7.Test.csproj", "{C16E2897-4817-4FF0-A844-7D7F1968AE17}"
EndProject
Project("{2150E333-8FDC-42A3-9474-1A3956D46DE8}") = "Task2", "Task2", "{CBD087BE-B08F-4E08-8161-355925CB3A9E}"
EndProject
Project("{FAE04EC0-301F-11D3-BF4B-00C04F79EFBC}") = "Tyuiu.KhuzinaDR.Sprint6.Task2.V8", "Tyuiu.KhuzinaDR.Sprint6.Task2.V8\Tyuiu.KhuzinaDR.Sprint6.Task2.V8.csproj", "{88AA4635-DE00-485C-AF76-B18BA79AB69B}"
EndProject
Project("{FAE04EC0-301F-11D3-BF4B-00C04F79EFBC}") = "Tyuiu.KhuzinaDR.Sprint6.Task2.V8.Lib", "Tyuiu.KhuzinaDR.Sprint6.Task2.V8.Lib\Tyuiu.KhuzinaDR.Sprint6.Task2.V8.Lib.csproj", "{F68F362D-2A7F-49B4-A756-83176CA1E8BD}"
EndProject
Project("{FAE04EC0-301F-11D3-BF4B-00C04F79EFBC}") = "Tyuiu.KhuzinaDR.Sprint6.Task2.V8.Test", "Tyuiu.KhuzinaDR.Sprint6.Task2.V8.Test\Tyuiu.KhuzinaDR.Sprint6.Task2.V8.Test.csproj", "{A47A0D8B-1AD3-43B5-B447-055625304E0F}"
EndProject
Project("{2150E333-8FDC-42A3-9474-1A3956D46DE8}") = "Task3", "Task3", "{12A9C1B5-94AD-4791-A089-0D109E32AC20}"
EndProject
Project("{FAE04EC0-301F-11D3-BF4B-00C04F79EFBC}") = "Tyuiu.KhuzinaDR.Sprint6.Task3.V29", "Tyuiu.KhuzinaDR.Sprint6.Task3.V29\Tyuiu.KhuzinaDR.Sprint6.Task3.V29.csproj", "{6FA79E66-6B8B-4805-86BD-32D0A829F3F3}"
EndProject
Project("{FAE04EC0-301F-11D3-BF4B-00C04F79EFBC}") = "Tyuiu.KhuzinaDR.Sprint6.Task3.V29.Lib", "Tyuiu.KhuzinaDR.Sprint6.Task3.V29.Lib\Tyuiu.KhuzinaDR.Sprint6.Task3.V29.Lib.csproj", "{84012F74-E220-4196-80DB-8C422AE892A3}"
EndProject
Project("{FAE04EC0-301F-11D3-BF4B-00C04F79EFBC}") = "Tyuiu.KhuzinaDR.Sprint6.Task3.V29.Test", "Tyuiu.KhuzinaDR.Sprint6.Task3.V29.Test\Tyuiu.KhuzinaDR.Sprint6.Task3.V29.Test.csproj", "{0909F7D9-5BCB-4E0B-96C8-BF2073124657}"
EndProject
Project("{2150E333-8FDC-42A3-9474-1A3956D46DE8}") = "Task4", "Task4", "{3E43C1B3-8567-491B-9BA4-8C840F7FB1FC}"
EndProject
Project("{FAE04EC0-301F-11D3-BF4B-00C04F79EFBC}") = "Tyuiu.KhuzinaDR.Sprint6.Task4.V24", "Tyuiu.KhuzinaDR.Sprint6.Task4.V24\Tyuiu.KhuzinaDR.Sprint6.Task4.V24.csproj", "{E7DB672E-7B68-47C3-A832-58E24553BCA3}"
EndProject
Project("{FAE04EC0-301F-11D3-BF4B-00C04F79EFBC}") = "Tyuiu.KhuzinaDR.Sprint6.Task4.V24.Lib", "Tyuiu.KhuzinaDR.Sprint6.Task4.V24.Lib\Tyuiu.KhuzinaDR.Sprint6.Task4.V24.Lib.csproj", "{F606594C-E93E-49BF-91C8-52234A3FADDC}"
EndProject
Project("{FAE04EC0-301F-11D3-BF4B-00C04F79EFBC}") = "Tyuiu.KhuzinaDR.Sprint6.Task4.V24.Test", "Tyuiu.KhuzinaDR.Sprint6.Task4.V24.Test\Tyuiu.KhuzinaDR.Sprint6.Task4.V24.Test.csproj", "{78140DBC-51C2-4FF8-A695-F7CCD0D9B02C}"
EndProject
Project("{2150E333-8FDC-42A3-9474-1A3956D46DE8}") = "Task5", "Task5", "{FAE4FF57-F960-4CFA-B629-75684F5A8030}"
EndProject
Project("{FAE04EC0-301F-11D3-BF4B-00C04F79EFBC}") = "Tyuiu.KhuzinaDR.Sprint6.Task5.V7", "Tyuiu.KhuzinaDR.Sprint6.Task5.V7\Tyuiu.KhuzinaDR.Sprint6.Task5.V7.csproj", "{6ABF2BAF-0573-429E-8BAB-01B3668CB653}"
EndProject
Project("{FAE04EC0-301F-11D3-BF4B-00C04F79EFBC}") = "Tyuiu.KhuzinaDR.Sprint6.Task5.V7.Lib", "Tyuiu.KhuzinaDR.Sprint6.Task5.V7.Lib\Tyuiu.KhuzinaDR.Sprint6.Task5.V7.Lib.csproj", "{12CED47E-1F41-49D4-854A-976B16887B5F}"
EndProject
Project("{FAE04EC0-301F-11D3-BF4B-00C04F79EFBC}") = "Tyuiu.KhuzinaDR.Sprint6.Task5.V7.Test", "Tyuiu.KhuzinaDR.Sprint6.Task5.V7.Test\Tyuiu.KhuzinaDR.Sprint6.Task5.V7.Test.csproj", "{A207F988-EB6A-4C36-98C9-05365BA44AEC}"
EndProject
Project("{2150E333-8FDC-42A3-9474-1A3956D46DE8}") = "Task6", "Task6", "{A087ABC0-3369-4F0A-BA3C-D39F59324F64}"
EndProject
Project("{FAE04EC0-301F-11D3-BF4B-00C04F79EFBC}") = "Tyuiu.KhuzinaDR.Sprint6.Task6.V12", "Tyuiu.KhuzinaDR.Sprint6.Task6.V12\Tyuiu.KhuzinaDR.Sprint6.Task6.V12.csproj", "{DAFC2714-D058-4FE5-91DB-58F3419B0D2B}"
EndProject
Project("{FAE04EC0-301F-11D3-BF4B-00C04F79EFBC}") = "Tyuiu.KhuzinaDR.Sprint6.Task6.V12.Lib", "Tyuiu.KhuzinaDR.Sprint6.Task6.V12.Lib\Tyuiu.KhuzinaDR.Sprint6.Task6.V12.Lib.csproj", "{01D513A4-FC00-40EA-843C-BE19C70317EE}"
EndProject
Project("{FAE04EC0-301F-11D3-BF4B-00C04F79EFBC}") = "Tyuiu.KhuzinaDR.Sprint6.Task6.V12.Test", "Tyuiu.KhuzinaDR.Sprint6.Task6.V12.Test\Tyuiu.KhuzinaDR.Sprint6.Task6.V12.Test.csproj", "{2CB30AD9-3E0C-4ABE-9EE3-E2FB52CDEAE3}"
EndProject
Global
	GlobalSection(SolutionConfigurationPlatforms) = preSolution
		Debug|Any CPU = Debug|Any CPU
		Release|Any CPU = Release|Any CPU
	EndGlobalSection
	GlobalSection(ProjectConfigurationPlatforms) = postSolution
		{87FB1547-30B7-42B6-B784-80CD86AF3F53}.Debug|Any CPU.ActiveCfg = Debug|Any CPU
		{87FB1547-30B7-42B6-B784-80CD86AF3F53}.Debug|Any CPU.Build.0 = Debug|Any CPU
		{87FB1547-30B7-42B6-B784-80CD86AF3F53}.Release|Any CPU.ActiveCfg = Release|Any CPU
		{87FB1547-30B7-42B6-B784-80CD86AF3F53}.Release|Any CPU.Build.0 = Release|Any CPU
		{674E3827-143A-4804-BFA0-BCE7E2AA6CC3}.Debug|Any CPU.ActiveCfg = Debug|Any CPU
		{674E3827-143A-4804-BFA0-BCE7E2AA6CC3}.Debug|Any CPU.Build.0 = Debug|Any CPU
		{674E3827-143A-4804-BFA0-BCE7E2AA6CC3}.Release|Any CPU.ActiveCfg = Release|Any CPU
		{674E3827-143A-4804-BFA0-BCE7E2AA6CC3}.Release|Any CPU.Build.0 = Release|Any CPU
		{C857E9C0-42B2-4901-8F74-ED29C4D09807}.Debug|Any CPU.ActiveCfg = Debug|Any CPU
		{C857E9C0-42B2-4901-8F74-ED29C4D09807}.Debug|Any CPU.Build.0 = Debug|Any CPU
		{C857E9C0-42B2-4901-8F74-ED29C4D09807}.Release|Any CPU.ActiveCfg = Release|Any CPU
		{C857E9C0-42B2-4901-8F74-ED29C4D09807}.Release|Any CPU.Build.0 = Release|Any CPU
		{CDEFCF2C-5452-419E-955E-A50567FCC4AE}.Debug|Any CPU.ActiveCfg = Debug|Any CPU
		{CDEFCF2C-5452-419E-955E-A50567FCC4AE}.Debug|Any CPU.Build.0 = Debug|Any CPU
		{CDEFCF2C-5452-419E-955E-A50567FCC4AE}.Release|Any CPU.ActiveCfg = Release|Any CPU
		{CDEFCF2C-5452-419E-955E-A50567FCC4AE}.Release|Any CPU.Build.0 = Release|Any CPU
		{FD5E9AF8-5041-43D2-A093-77704731D61F}.Debug|Any CPU.ActiveCfg = Debug|Any CPU
		{FD5E9AF8-5041-43D2-A093-77704731D61F}.Debug|Any CPU.Build.0 = Debug|Any CPU
		{FD5E9AF8-5041-43D2-A093-77704731D61F}.Release|Any CPU.ActiveCfg = Release|Any CPU
		{FD5E9AF8-5041-43D2-A093-77704731D61F}.Release|Any CPU.Build.0 = Release|Any CPU
		{C16E2897-4817-4FF0-A844-7D7F1968AE17}.Debug|Any CPU.ActiveCfg = Debug|Any CPU
		{C16E2897-4817-4FF0-A844-7D7F1968AE17}.Debug|Any CPU.Build.0 = Debug|Any CPU
		{C16E2897-4817-4FF0-A844-7D7F1968AE17}.Release|Any CPU.ActiveCfg = Release|Any CPU
		{C16E2897-4817-4FF0-A844-7D7F1968AE17}.Release|Any CPU.Build.0 = Release|Any CPU
		{88AA4635-DE00-485C-AF76-B18BA79AB69B}.Debug|Any CPU.ActiveCfg = Debug|Any CPU
		{88AA4635-DE00-485C-AF76-B18BA79AB69B}.Debug|Any CPU.Build.0 = Debug|Any CPU
		{88AA4635-DE00-485C-AF76-B18BA79AB69B}.Release|Any CPU.ActiveCfg = Release|Any CPU
		{88AA4635-DE00-485C-AF76-B18BA79AB69B}.Release|Any CPU.Build.0 = Release|Any CPU
		{F68F362D-2A7F-49B4-A756-83176CA1E8BD}.Debug|Any CPU.ActiveCfg = Debug|Any CPU
		{F68F362D-2A7F-49B4-A756-83176CA1E8BD}.Debug|Any CPU.Build.0 = Debug|Any CPU
		{F68F362D-2A7F-49B4-A756-83176CA1E8BD}.Release|Any CPU.ActiveCfg = Release|Any CPU
		{F68F362D-2A7F-49B4-A756-83176CA1E8BD}.Release|Any CPU.Build.0 = Release|Any CPU
		{A47A0D8B-1AD3-43B5-B447-055625304E0F}.Debug|Any CPU.ActiveCfg = Debug|Any CPU
		{A47A0D8B-1AD3-43B5-B447-055625304E0F}.Debug|Any CPU.Build.0 = Debug|Any CPU
		{A47A0D8B-1AD3-43B5-B447-055625304E0F}.Release|Any CPU.ActiveCfg = Release|Any CPU
		{A47A0D8B-1AD3-43B5-B447-055625304E0F}.Release|Any CPU.Build.0 = Release|Any CPU
		{6FA79E66-6B8B-4805-86BD-32D0A829F3F3}.Debug|Any CPU.ActiveCfg = Debug|Any CPU
		{6FA79E66-6B8B-4805-86BD-32D0A829F3F3}.Debug|Any CPU.Build.0 = Debug|Any CPU
		{6FA79E66-6B8B-4805-86BD-32D0A829F3F3}.Release|Any CPU.ActiveCfg = Release|Any CPU
		{6FA79E66-6B8B-4805-86BD-32D0A829F3F3}.Release|Any CPU.Build.0 = Release|Any CPU
		{84012F74-E220-4196-80DB-8C422AE892A3}.Debug|Any CPU.ActiveCfg = Debug|Any CPU
		{84012F74-E220-4196-80DB-8C422AE892A3}.Debug|Any CPU.Build.0 = Debug|Any CPU
		{84012F74-E220-4196-80DB-8C422AE892A3}.Release|Any CPU.ActiveCfg = Release|Any CPU
		{84012F74-E220-4196-80DB-8C422AE892A3}.Release|Any CPU.Build.0 = Release|Any CPU
		{0909F7D9-5BCB-4E0B-96C8-BF2073124657}.Debug|Any CPU.ActiveCfg = Debug|Any CPU
		{0909F7D9-5BCB-4E0B-96C8-BF2073124657}.Debug|Any CPU.Build.0 = Debug|Any CPU
		{0909F7D9-5BCB-4E0B-96C8-BF2073124657}.Release|Any CPU.ActiveCfg = Release|Any CPU
		{0909F7D9-5BCB-4E0B-96C8-BF2073124657}.Release|Any CPU.Build.0 = Release|Any CPU
		{E7DB672E-7B68-47C3-A832-58E24553BCA3}.Debug|Any CPU.ActiveCfg = Debug|Any CPU
		{E7DB672E-7B68-47C3-A832-58E24553BCA3}.Debug|Any CPU.Build.0 = Debug|Any CPU
		{E7DB672E-7B68-47C3-A832-58E24553BCA3}.Release|Any CPU.ActiveCfg = Release|Any CPU
		{E7DB672E-7B68-47C3-A832-58E24553BCA3}.Release|Any CPU.Build.0 = Release|Any CPU
		{F606594C-E93E-49BF-91C8-52234A3FADDC}.Debug|Any CPU.ActiveCfg = Debug|Any CPU
		{F606594C-E93E-49BF-91C8-52234A3FADDC}.Debug|Any CPU.Build.0 = Debug|Any CPU
		{F606594C-E93E-49BF-91C8-52234A3FADDC}.Release|Any CPU.ActiveCfg = Release|Any CPU
		{F606594C-E93E-49BF-91C8-52234A3FADDC}.Release|Any CPU.Build.0 = Release|Any CPU
		{78140DBC-51C2-4FF8-A695-F7CCD0D9B02C}.Debug|Any CPU.ActiveCfg = Debug|Any CPU
		{78140DBC-51C2-4FF8-A695-F7CCD0D9B02C}.Debug|Any CPU.Build.0 = Debug|Any CPU
		{78140DBC-51C2-4FF8-A695-F7CCD0D9B02C}.Release|Any CPU.ActiveCfg = Release|Any CPU
		{78140DBC-51C2-4FF8-A695-F7CCD0D9B02C}.Release|Any CPU.Build.0 = Release|Any CPU
		{6ABF2BAF-0573-429E-8BAB-01B3668CB653}.Debug|Any CPU.ActiveCfg = Debug|Any CPU
		{6ABF2BAF-0573-429E-8BAB-01B3668CB653}.Debug|Any CPU.Build.0 = Debug|Any CPU
		{6ABF2BAF-0573-429E-8BAB-01B3668CB653}.Release|Any CPU.ActiveCfg = Release|Any CPU
		{6ABF2BAF-0573-429E-8BAB-01B3668CB653}.Release|Any CPU.Build.0 = Release|Any CPU
		{12CED47E-1F41-49D4-854A-976B16887B5F}.Debug|Any CPU.ActiveCfg = Debug|Any CPU
		{12CED47E-1F41-49D4-854A-976B16887B5F}.Debug|Any CPU.Build.0 = Debug|Any CPU
		{12CED47E-1F41-49D4-854A-976B16887B5F}.Release|Any CPU.ActiveCfg = Release|Any CPU
		{12CED47E-1F41-49D4-854A-976B16887B5F}.Release|Any CPU.Build.0 = Release|Any CPU
		{A207F988-EB6A-4C36-98C9-05365BA44AEC}.Debug|Any CPU.ActiveCfg = Debug|Any CPU
		{A207F988-EB6A-4C36-98C9-05365BA44AEC}.Debug|Any CPU.Build.0 = Debug|Any CPU
		{A207F988-EB6A-4C36-98C9-05365BA44AEC}.Release|Any CPU.ActiveCfg = Release|Any CPU
		{A207F988-EB6A-4C36-98C9-05365BA44AEC}.Release|Any CPU.Build.0 = Release|Any CPU
		{DAFC2714-D058-4FE5-91DB-58F3419B0D2B}.Debug|Any CPU.ActiveCfg = Debug|Any CPU
		{DAFC2714-D058-4FE5-91DB-58F3419B0D2B}.Debug|Any CPU.Build.0 = Debug|Any CPU
		{DAFC2714-D058-4FE5-91DB-58F3419B0D2B}.Release|Any CPU.ActiveCfg = Release|Any CPU
		{DAFC2714-D058-4FE5-91DB-58F3419B0D2B}.Release|Any CPU.Build.0 = Release|Any CPU
		{01D513A4-FC00-40EA-843C-BE19C70317EE}.Debug|Any CPU.ActiveCfg = Debug|Any CPU
		{01D513A4-FC00-40EA-843C-BE19C70317EE}.Debug|Any CPU.Build.0 = Debug|Any CPU
		{01D513A4-FC00-40EA-843C-BE19C70317EE}.Release|Any CPU.ActiveCfg = Release|Any CPU
		{01D513A4-FC00-40EA-843C-BE19C70317EE}.Release|Any CPU.Build.0 = Release|Any CPU
		{2CB30AD9-3E0C-4ABE-9EE3-E2FB52CDEAE3}.Debug|Any CPU.ActiveCfg = Debug|Any CPU
		{2CB30AD9-3E0C-4ABE-9EE3-E2FB52CDEAE3}.Debug|Any CPU.Build.0 = Debug|Any CPU
		{2CB30AD9-3E0C-4ABE-9EE3-E2FB52CDEAE3}.Release|Any CPU.ActiveCfg = Release|Any CPU
		{2CB30AD9-3E0C-4ABE-9EE3-E2FB52CDEAE3}.Release|Any CPU.Build.0 = Release|Any CPU
	EndGlobalSection
	GlobalSection(SolutionProperties) = preSolution
		HideSolutionNode = FALSE
	EndGlobalSection
	GlobalSection(NestedProjects) = preSolution
		{87FB1547-30B7-42B6-B784-80CD86AF3F53} = {4D6EA358-7917-443E-A166-1E82AE223AAD}
		{674E3827-143A-4804-BFA0-BCE7E2AA6CC3} = {4D6EA358-7917-443E-A166-1E82AE223AAD}
		{C857E9C0-42B2-4901-8F74-ED29C4D09807} = {4D6EA358-7917-443E-A166-1E82AE223AAD}
		{CDEFCF2C-5452-419E-955E-A50567FCC4AE} = {8AC0F3EC-B083-42D7-9C77-76969925F78F}
		{FD5E9AF8-5041-43D2-A093-77704731D61F} = {8AC0F3EC-B083-42D7-9C77-76969925F78F}
		{C16E2897-4817-4FF0-A844-7D7F1968AE17} = {8AC0F3EC-B083-42D7-9C77-76969925F78F}
		{88AA4635-DE00-485C-AF76-B18BA79AB69B} = {CBD087BE-B08F-4E08-8161-355925CB3A9E}
		{F68F362D-2A7F-49B4-A756-83176CA1E8BD} = {CBD087BE-B08F-4E08-8161-355925CB3A9E}
		{A47A0D8B-1AD3-43B5-B447-055625304E0F} = {CBD087BE-B08F-4E08-8161-355925CB3A9E}
		{6FA79E66-6B8B-4805-86BD-32D0A829F3F3} = {12A9C1B5-94AD-4791-A089-0D109E32AC20}
		{84012F74-E220-4196-80DB-8C422AE892A3} = {12A9C1B5-94AD-4791-A089-0D109E32AC20}
		{0909F7D9-5BCB-4E0B-96C8-BF2073124657} = {12A9C1B5-94AD-4791-A089-0D109E32AC20}
		{E7DB672E-7B68-47C3-A832-58E24553BCA3} = {3E43C1B3-8567-491B-9BA4-8C840F7FB1FC}
		{F606594C-E93E-49BF-91C8-52234A3FADDC} = {3E43C1B3-8567-491B-9BA4-8C840F7FB1FC}
		{78140DBC-51C2-4FF8-A695-F7CCD0D9B02C} = {3E43C1B3-8567-491B-9BA4-8C840F7FB1FC}
		{6ABF2BAF-0573-429E-8BAB-01B3668CB653} = {FAE4FF57-F960-4CFA-B629-75684F5A8030}
		{12CED47E-1F41-49D4-854A-976B16887B5F} = {FAE4FF57-F960-4CFA-B629-75684F5A8030}
		{A207F988-EB6A-4C36-98C9-05365BA44AEC} = {FAE4FF57-F960-4CFA-B629-75684F5A8030}
		{DAFC2714-D058-4FE5-91DB-58F3419B0D2B} = {A087ABC0-3369-4F0A-BA3C-D39F59324F64}
		{01D513A4-FC00-40EA-843C-BE19C70317EE} = {A087ABC0-3369-4F0A-BA3C-D39F59324F64}
		{2CB30AD9-3E0C-4ABE-9EE3-E2FB52CDEAE3} = {A087ABC0-3369-4F0A-BA3C-D39F59324F64}
	EndGlobalSection
	GlobalSection(ExtensibilityGlobals) = postSolution
		SolutionGuid = {3491F2FC-59A0-4EFB-9A14-64F88D49590A}
	EndGlobalSection
EndGlobal
